
Microsoft Visual Studio Solution File, Format Version 12.00
# Visual Studio Version 17
VisualStudioVersion = 17.14.36429.23
MinimumVisualStudioVersion = 10.0.40219.1
Project("{FAE04EC0-301F-11D3-BF4B-00C04F79EFBC}") = "Orders.Backend", "Orders.Backend\Orders.Backend.csproj", "{39463A27-E6AA-445F-9720-7FF510438975}"
EndProject
Project("{FAE04EC0-301F-11D3-BF4B-00C04F79EFBC}") = "Orders.Shared", "Orders.Shared\Orders.Shared.csproj", "{1FB02F58-7ACB-4F40-ACA8-B59EA0748069}"
EndProject
Project("{FAE04EC0-301F-11D3-BF4B-00C04F79EFBC}") = "Orders.Frontend", "..\Orders.Frontend\Orders.Frontend.csproj", "{46E92445-F0EC-6AB8-39B9-23B2DB3C55CB}"
EndProject
Global
	GlobalSection(SolutionConfigurationPlatforms) = preSolution
		Debug|Any CPU = Debug|Any CPU
		Release|Any CPU = Release|Any CPU
	EndGlobalSection
	GlobalSection(ProjectConfigurationPlatforms) = postSolution
		{39463A27-E6AA-445F-9720-7FF510438975}.Debug|Any CPU.ActiveCfg = Debug|Any CPU
		{39463A27-E6AA-445F-9720-7FF510438975}.Debug|Any CPU.Build.0 = Debug|Any CPU
		{39463A27-E6AA-445F-9720-7FF510438975}.Release|Any CPU.ActiveCfg = Release|Any CPU
		{39463A27-E6AA-445F-9720-7FF510438975}.Release|Any CPU.Build.0 = Release|Any CPU
		{1FB02F58-7ACB-4F40-ACA8-B59EA0748069}.Debug|Any CPU.ActiveCfg = Debug|Any CPU
		{1FB02F58-7ACB-4F40-ACA8-B59EA0748069}.Debug|Any CPU.Build.0 = Debug|Any CPU
		{1FB02F58-7ACB-4F40-ACA8-B59EA0748069}.Release|Any CPU.ActiveCfg = Release|Any CPU
		{1FB02F58-7ACB-4F40-ACA8-B59EA0748069}.Release|Any CPU.Build.0 = Release|Any CPU
		{46E92445-F0EC-6AB8-39B9-23B2DB3C55CB}.Debug|Any CPU.ActiveCfg = Debug|Any CPU
		{46E92445-F0EC-6AB8-39B9-23B2DB3C55CB}.Debug|Any CPU.Build.0 = Debug|Any CPU
		{46E92445-F0EC-6AB8-39B9-23B2DB3C55CB}.Release|Any CPU.ActiveCfg = Release|Any CPU
		{46E92445-F0EC-6AB8-39B9-23B2DB3C55CB}.Release|Any CPU.Build.0 = Release|Any CPU
	EndGlobalSection
	GlobalSection(SolutionProperties) = preSolution
		HideSolutionNode = FALSE
	EndGlobalSection
	GlobalSection(ExtensibilityGlobals) = postSolution
		SolutionGuid = {4684E4A1-1F38-4010-92E3-6EA7DB9C5CBE}
	EndGlobalSection
EndGlobal
